
Microsoft Visual Studio Solution File, Format Version 12.00
# Visual Studio 15
VisualStudioVersion = 15.0.33529.398
MinimumVisualStudioVersion = 10.0.40219.1
Project("{8BC9CEB8-8B4A-11D0-8D11-00A0C91BC942}") = "QwtChartProject", "QwtChartProject\QwtChartProject.vcxproj", "{66E606B8-CE40-43F3-9C83-8A8308BB9CD9}"
EndProject
Global
	GlobalSection(SolutionConfigurationPlatforms) = preSolution
		Debug|x64 = Debug|x64
		Release|x64 = Release|x64
	EndGlobalSection
	GlobalSection(ProjectConfigurationPlatforms) = postSolution
		{66E606B8-CE40-43F3-9C83-8A8308BB9CD9}.Debug|x64.ActiveCfg = Debug|x64
		{66E606B8-CE40-43F3-9C83-8A8308BB9CD9}.Debug|x64.Build.0 = Debug|x64
		{66E606B8-CE40-43F3-9C83-8A8308BB9CD9}.Release|x64.ActiveCfg = Release|x64
		{66E606B8-CE40-43F3-9C83-8A8308BB9CD9}.Release|x64.Build.0 = Release|x64
	EndGlobalSection
	GlobalSection(SolutionProperties) = preSolution
		HideSolutionNode = FALSE
	EndGlobalSection
	GlobalSection(ExtensibilityGlobals) = postSolution
		SolutionGuid = {B1822636-237B-452B-BB05-7D78D016B87F}
	EndGlobalSection
EndGlobal
